// !$*UTF8*$!
{
	archiveVersion = 1;
	classes = {
	};
	objectVersion = 48;
	objects = {

/* Begin PBXBuildFile section */
		801BA21C20309A2A00EF161B /* AppDelegate.swift in Sources */ = {isa = PBXBuildFile; fileRef = 801BA21B20309A2A00EF161B /* AppDelegate.swift */; };
		801BA21E20309A2A00EF161B /* ViewController.swift in Sources */ = {isa = PBXBuildFile; fileRef = 801BA21D20309A2A00EF161B /* ViewController.swift */; };
		801BA22120309A2A00EF161B /* Main.storyboard in Resources */ = {isa = PBXBuildFile; fileRef = 801BA21F20309A2A00EF161B /* Main.storyboard */; };
		801BA22420309A2A00EF161B /* ShoppingRecommendationSystem.xcdatamodeld in Sources */ = {isa = PBXBuildFile; fileRef = 801BA22220309A2A00EF161B /* ShoppingRecommendationSystem.xcdatamodeld */; };
		801BA22620309A2A00EF161B /* Assets.xcassets in Resources */ = {isa = PBXBuildFile; fileRef = 801BA22520309A2A00EF161B /* Assets.xcassets */; };
		801BA22920309A2A00EF161B /* LaunchScreen.storyboard in Resources */ = {isa = PBXBuildFile; fileRef = 801BA22720309A2A00EF161B /* LaunchScreen.storyboard */; };
/* End PBXBuildFile section */

/* Begin PBXFileReference section */
		801BA21820309A2A00EF161B /* ShoppingRecommendationSystem.app */ = {isa = PBXFileReference; explicitFileType = wrapper.application; includeInIndex = 0; path = ShoppingRecommendationSystem.app; sourceTree = BUILT_PRODUCTS_DIR; };
		801BA21B20309A2A00EF161B /* AppDelegate.swift */ = {isa = PBXFileReference; lastKnownFileType = sourcecode.swift; path = AppDelegate.swift; sourceTree = "<group>"; };
		801BA21D20309A2A00EF161B /* ViewController.swift */ = {isa = PBXFileReference; lastKnownFileType = sourcecode.swift; path = ViewController.swift; sourceTree = "<group>"; };
		801BA22020309A2A00EF161B /* Base */ = {isa = PBXFileReference; lastKnownFileType = file.storyboard; name = Base; path = Base.lproj/Main.storyboard; sourceTree = "<group>"; };
		801BA22320309A2A00EF161B /* ShoppingRecommendationSystem.xcdatamodel */ = {isa = PBXFileReference; lastKnownFileType = wrapper.xcdatamodel; path = ShoppingRecommendationSystem.xcdatamodel; sourceTree = "<group>"; };
		801BA22520309A2A00EF161B /* Assets.xcassets */ = {isa = PBXFileReference; lastKnownFileType = folder.assetcatalog; path = Assets.xcassets; sourceTree = "<group>"; };
		801BA22820309A2A00EF161B /* Base */ = {isa = PBXFileReference; lastKnownFileType = file.storyboard; name = Base; path = Base.lproj/LaunchScreen.storyboard; sourceTree = "<group>"; };
		801BA22A20309A2A00EF161B /* Info.plist */ = {isa = PBXFileReference; lastKnownFileType = text.plist.xml; path = Info.plist; sourceTree = "<group>"; };
/* End PBXFileReference section */

/* Begin PBXFrameworksBuildPhase section */
		801BA21520309A2A00EF161B /* Frameworks */ = {
			isa = PBXFrameworksBuildPhase;
			buildActionMask = 2147483647;
			files = (
			);
			runOnlyForDeploymentPostprocessing = 0;
		};
/* End PBXFrameworksBuildPhase section */

/* Begin PBXGroup section */
		801BA20F20309A2A00EF161B = {
			isa = PBXGroup;
			children = (
				801BA21A20309A2A00EF161B /* ShoppingRecommendationSystem */,
				801BA21920309A2A00EF161B /* Products */,
			);
			sourceTree = "<group>";
		};
		801BA21920309A2A00EF161B /* Products */ = {
			isa = PBXGroup;
			children = (
				801BA21820309A2A00EF161B /* ShoppingRecommendationSystem.app */,
			);
			name = Products;
			sourceTree = "<group>";
		};
		801BA21A20309A2A00EF161B /* ShoppingRecommendationSystem */ = {
			isa = PBXGroup;
			children = (
				801BA21B20309A2A00EF161B /* AppDelegate.swift */,
				801BA21D20309A2A00EF161B /* ViewController.swift */,
				801BA21F20309A2A00EF161B /* Main.storyboard */,
				801BA22520309A2A00EF161B /* Assets.xcassets */,
				801BA22720309A2A00EF161B /* LaunchScreen.storyboard */,
				801BA22A20309A2A00EF161B /* Info.plist */,
				801BA22220309A2A00EF161B /* ShoppingRecommendationSystem.xcdatamodeld */,
			);
			path = ShoppingRecommendationSystem;
			sourceTree = "<group>";
		};
/* End PBXGroup section */

/* Begin PBXNativeTarget section */
		801BA21720309A2A00EF161B /* ShoppingRecommendationSystem */ = {
			isa = PBXNativeTarget;
			buildConfigurationList = 801BA22D20309A2A00EF161B /* Build configuration list for PBXNativeTarget "ShoppingRecommendationSystem" */;
			buildPhases = (
				801BA21420309A2A00EF161B /* Sources */,
				801BA21520309A2A00EF161B /* Frameworks */,
				801BA21620309A2A00EF161B /* Resources */,
			);
			buildRules = (
			);
			dependencies = (
			);
			name = ShoppingRecommendationSystem;
			productName = ShoppingRecommendationSystem;
			productReference = 801BA21820309A2A00EF161B /* ShoppingRecommendationSystem.app */;
			productType = "com.apple.product-type.application";
		};
/* End PBXNativeTarget section */

/* Begin PBXProject section */
		801BA21020309A2A00EF161B /* Project object */ = {
			isa = PBXProject;
			attributes = {
				LastSwiftUpdateCheck = 0910;
				LastUpgradeCheck = 0910;
				ORGANIZATIONNAME = "Vaibhav Kumar Singh";
				TargetAttributes = {
					801BA21720309A2A00EF161B = {
						CreatedOnToolsVersion = 9.1;
						ProvisioningStyle = Automatic;
					};
				};
			};
			buildConfigurationList = 801BA21320309A2A00EF161B /* Build configuration list for PBXProject "ShoppingRecommendationSystem" */;
			compatibilityVersion = "Xcode 8.0";
			developmentRegion = en;
			hasScannedForEncodings = 0;
			knownRegions = (
				en,
				Base,
			);
			mainGroup = 801BA20F20309A2A00EF161B;
			productRefGroup = 801BA21920309A2A00EF161B /* Products */;
			projectDirPath = "";
			projectRoot = "";
			targets = (
				801BA21720309A2A00EF161B /* ShoppingRecommendationSystem */,
			);
		};
/* End PBXProject section */

/* Begin PBXResourcesBuildPhase section */
		801BA21620309A2A00EF161B /* Resources */ = {
			isa = PBXResourcesBuildPhase;
			buildActionMask = 2147483647;
			files = (
				801BA22920309A2A00EF161B /* LaunchScreen.storyboard in Resources */,
				801BA22620309A2A00EF161B /* Assets.xcassets in Resources */,
				801BA22120309A2A00EF161B /* Main.storyboard in Resources */,
			);
			runOnlyForDeploymentPostprocessing = 0;
		};
/* End PBXResourcesBuildPhase section */

/* Begin PBXSourcesBuildPhase section */
		801BA21420309A2A00EF161B /* Sources */ = {
			isa = PBXSourcesBuildPhase;
			buildActionMask = 2147483647;
			files = (
				801BA21E20309A2A00EF161B /* ViewController.swift in Sources */,
				801BA22420309A2A00EF161B /* ShoppingRecommendationSystem.xcdatamodeld in Sources */,
				801BA21C20309A2A00EF161B /* AppDelegate.swift in Sources */,
			);
			runOnlyForDeploymentPostprocessing = 0;
		};
/* End PBXSourcesBuildPhase section */

/* Begin PBXVariantGroup section */
		801BA21F20309A2A00EF161B /* Main.storyboard */ = {
			isa = PBXVariantGroup;
			children = (
				801BA22020309A2A00EF161B /* Base */,
			);
			name = Main.storyboard;
			sourceTree = "<group>";
		};
		801BA22720309A2A00EF161B /* LaunchScreen.storyboard */ = {
			isa = PBXVariantGroup;
			children = (
				801BA22820309A2A00EF161B /* Base */,
			);
			name = LaunchScreen.storyboard;
			sourceTree = "<group>";
		};
/* End PBXVariantGroup section */

/* Begin XCBuildConfiguration section */
		801BA22B20309A2A00EF161B /* Debug */ = {
			isa = XCBuildConfiguration;
			buildSettings = {
				ALWAYS_SEARCH_USER_PATHS = NO;
				CLANG_ANALYZER_NONNULL = YES;
				CLANG_ANALYZER_NUMBER_OBJECT_CONVERSION = YES_AGGRESSIVE;
				CLANG_CXX_LANGUAGE_STANDARD = "gnu++14";
				CLANG_CXX_LIBRARY = "libc++";
				CLANG_ENABLE_MODULES = YES;
				CLANG_ENABLE_OBJC_ARC = YES;
				CLANG_WARN_BLOCK_CAPTURE_AUTORELEASING = YES;
				CLANG_WARN_BOOL_CONVERSION = YES;
				CLANG_WARN_COMMA = YES;
				CLANG_WARN_CONSTANT_CONVERSION = YES;
				CLANG_WARN_DIRECT_OBJC_ISA_USAGE = YES_ERROR;
				CLANG_WARN_DOCUMENTATION_COMMENTS = YES;
				CLANG_WARN_EMPTY_BODY = YES;
				CLANG_WARN_ENUM_CONVERSION = YES;
				CLANG_WARN_INFINITE_RECURSION = YES;
				CLANG_WARN_INT_CONVERSION = YES;
				CLANG_WARN_NON_LITERAL_NULL_CONVERSION = YES;
				CLANG_WARN_OBJC_LITERAL_CONVERSION = YES;
				CLANG_WARN_OBJC_ROOT_CLASS = YES_ERROR;
				CLANG_WARN_RANGE_LOOP_ANALYSIS = YES;
				CLANG_WARN_STRICT_PROTOTYPES = YES;
				CLANG_WARN_SUSPICIOUS_MOVE = YES;
				CLANG_WARN_UNGUARDED_AVAILABILITY = YES_AGGRESSIVE;
				CLANG_WARN_UNREACHABLE_CODE = YES;
				CLANG_WARN__DUPLICATE_METHOD_MATCH = YES;
				CODE_SIGN_IDENTITY = "iPhone Developer";
				COPY_PHASE_STRIP = NO;
				DEBUG_INFORMATION_FORMAT = dwarf;
				ENABLE_STRICT_OBJC_MSGSEND = YES;
				ENABLE_TESTABILITY = YES;
				GCC_C_LANGUAGE_STANDARD = gnu11;
				GCC_DYNAMIC_NO_PIC = NO;
				GCC_NO_COMMON_BLOCKS = YES;
				GCC_OPTIMIZATION_LEVEL = 0;
				GCC_PREPROCESSOR_DEFINITIONS = (
					"DEBUG=1",
					"$(inherited)",
				);
				GCC_WARN_64_TO_32_BIT_CONVERSION = YES;
				GCC_WARN_ABOUT_RETURN_TYPE = YES_ERROR;
				GCC_WARN_UNDECLARED_SELECTOR = YES;
				GCC_WARN_UNINITIALIZED_AUTOS = YES_AGGRESSIVE;
				GCC_WARN_UNUSED_FUNCTION = YES;
				GCC_WARN_UNUSED_VARIABLE = YES;
				IPHONEOS_DEPLOYMENT_TARGET = 11.1;
				MTL_ENABLE_DEBUG_INFO = YES;
				ONLY_ACTIVE_ARCH = YES;
				SDKROOT = iphoneos;
				SWIFT_ACTIVE_COMPILATION_CONDITIONS = DEBUG;
				SWIFT_OPTIMIZATION_LEVEL = "-Onone";
			};
			name = Debug;
		};
		801BA22C20309A2A00EF161B /* Release */ = {
			isa = XCBuildConfiguration;
			buildSettings = {
				ALWAYS_SEARCH_USER_PATHS = NO;
				CLANG_ANALYZER_NONNULL = YES;
				CLANG_ANALYZER_NUMBER_OBJECT_CONVERSION = YES_AGGRESSIVE;
				CLANG_CXX_LANGUAGE_STANDARD = "gnu++14";
				CLANG_CXX_LIBRARY = "libc++";
				CLANG_ENABLE_MODULES = YES;
				CLANG_ENABLE_OBJC_ARC = YES;
				CLANG_WARN_BLOCK_CAPTURE_AUTORELEASING = YES;
				CLANG_WARN_BOOL_CONVERSION = YES;
				CLANG_WARN_COMMA = YES;
				CLANG_WARN_CONSTANT_CONVERSION = YES;
				CLANG_WARN_DIRECT_OBJC_ISA_USAGE = YES_ERROR;
				CLANG_WARN_DOCUMENTATION_COMMENTS = YES;
				CLANG_WARN_EMPTY_BODY = YES;
				CLANG_WARN_ENUM_CONVERSION = YES;
				CLANG_WARN_INFINITE_RECURSION = YES;
				CLANG_WARN_INT_CONVERSION = YES;
				CLANG_WARN_NON_LITERAL_NULL_CONVERSION = YES;
				CLANG_WARN_OBJC_LITERAL_CONVERSION = YES;
				CLANG_WARN_OBJC_ROOT_CLASS = YES_ERROR;
				CLANG_WARN_RANGE_LOOP_ANALYSIS = YES;
				CLANG_WARN_STRICT_PROTOTYPES = YES;
				CLANG_WARN_SUSPICIOUS_MOVE = YES;
				CLANG_WARN_UNGUARDED_AVAILABILITY = YES_AGGRESSIVE;
				CLANG_WARN_UNREACHABLE_CODE = YES;
				CLANG_WARN__DUPLICATE_METHOD_MATCH = YES;
				CODE_SIGN_IDENTITY = "iPhone Developer";
				COPY_PHASE_STRIP = NO;
				DEBUG_INFORMATION_FORMAT = "dwarf-with-dsym";
				ENABLE_NS_ASSERTIONS = NO;
				ENABLE_STRICT_OBJC_MSGSEND = YES;
				GCC_C_LANGUAGE_STANDARD = gnu11;
				GCC_NO_COMMON_BLOCKS = YES;
				GCC_WARN_64_TO_32_BIT_CONVERSION = YES;
				GCC_WARN_ABOUT_RETURN_TYPE = YES_ERROR;
				GCC_WARN_UNDECLARED_SELECTOR = YES;
				GCC_WARN_UNINITIALIZED_AUTOS = YES_AGGRESSIVE;
				GCC_WARN_UNUSED_FUNCTION = YES;
				GCC_WARN_UNUSED_VARIABLE = YES;
				IPHONEOS_DEPLOYMENT_TARGET = 11.1;
				MTL_ENABLE_DEBUG_INFO = NO;
				SDKROOT = iphoneos;
				SWIFT_OPTIMIZATION_LEVEL = "-Owholemodule";
				VALIDATE_PRODUCT = YES;
			};
			name = Release;
		};
		801BA22E20309A2A00EF161B /* Debug */ = {
			isa = XCBuildConfiguration;
			buildSettings = {
				ASSETCATALOG_COMPILER_APPICON_NAME = AppIcon;
				CODE_SIGN_STYLE = Automatic;
				INFOPLIST_FILE = ShoppingRecommendationSystem/Info.plist;
				LD_RUNPATH_SEARCH_PATHS = "$(inherited) @executable_path/Frameworks";
				PRODUCT_BUNDLE_IDENTIFIER = vaibhav.ShoppingRecommendationSystem;
				PRODUCT_NAME = "$(TARGET_NAME)";
				SWIFT_VERSION = 4.0;
				TARGETED_DEVICE_FAMILY = "1,2";
			};
			name = Debug;
		};
		801BA22F20309A2A00EF161B /* Release */ = {
			isa = XCBuildConfiguration;
			buildSettings = {
				ASSETCATALOG_COMPILER_APPICON_NAME = AppIcon;
				CODE_SIGN_STYLE = Automatic;
				INFOPLIST_FILE = ShoppingRecommendationSystem/Info.plist;
				LD_RUNPATH_SEARCH_PATHS = "$(inherited) @executable_path/Frameworks";
				PRODUCT_BUNDLE_IDENTIFIER = vaibhav.ShoppingRecommendationSystem;
				PRODUCT_NAME = "$(TARGET_NAME)";
				SWIFT_VERSION = 4.0;
				TARGETED_DEVICE_FAMILY = "1,2";
			};
			name = Release;
		};
/* End XCBuildConfiguration section */

/* Begin XCConfigurationList section */
		801BA21320309A2A00EF161B /* Build configuration list for PBXProject "ShoppingRecommendationSystem" */ = {
			isa = XCConfigurationList;
			buildConfigurations = (
				801BA22B20309A2A00EF161B /* Debug */,
				801BA22C20309A2A00EF161B /* Release */,
			);
			defaultConfigurationIsVisible = 0;
			defaultConfigurationName = Release;
		};
		801BA22D20309A2A00EF161B /* Build configuration list for PBXNativeTarget "ShoppingRecommendationSystem" */ = {
			isa = XCConfigurationList;
			buildConfigurations = (
				801BA22E20309A2A00EF161B /* Debug */,
				801BA22F20309A2A00EF161B /* Release */,
			);
			defaultConfigurationIsVisible = 0;
			defaultConfigurationName = Release;
		};
/* End XCConfigurationList section */

/* Begin XCVersionGroup section */
		801BA22220309A2A00EF161B /* ShoppingRecommendationSystem.xcdatamodeld */ = {
			isa = XCVersionGroup;
			children = (
				801BA22320309A2A00EF161B /* ShoppingRecommendationSystem.xcdatamodel */,
			);
			currentVersion = 801BA22320309A2A00EF161B /* ShoppingRecommendationSystem.xcdatamodel */;
			path = ShoppingRecommendationSystem.xcdatamodeld;
			sourceTree = "<group>";
			versionGroupType = wrapper.xcdatamodel;
		};
/* End XCVersionGroup section */
	};
	rootObject = 801BA21020309A2A00EF161B /* Project object */;
}
